
Microsoft Visual Studio Solution File, Format Version 12.00
# Visual Studio Version 17
VisualStudioVersion = 17.2.32505.173
MinimumVisualStudioVersion = 10.0.40219.1
Project("{FAE04EC0-301F-11D3-BF4B-00C04F79EFBC}") = "Проверка полтов", "Проверка полтов.csproj", "{F4947C4E-89CC-4241-8F2A-68C07EFC0789}"
EndProject
Project("{54435603-DBB4-11D2-8724-00A0C9A8B90C}") = "Setup1", "..\Setup1\Setup1.vdproj", "{6435108B-5057-4075-8AA7-270E4FD617D6}"
EndProject
Global
	GlobalSection(SolutionConfigurationPlatforms) = preSolution
		Debug|Any CPU = Debug|Any CPU
		Release|Any CPU = Release|Any CPU
	EndGlobalSection
	GlobalSection(ProjectConfigurationPlatforms) = postSolution
		{F4947C4E-89CC-4241-8F2A-68C07EFC0789}.Debug|Any CPU.ActiveCfg = Debug|Any CPU
		{F4947C4E-89CC-4241-8F2A-68C07EFC0789}.Debug|Any CPU.Build.0 = Debug|Any CPU
		{F4947C4E-89CC-4241-8F2A-68C07EFC0789}.Release|Any CPU.ActiveCfg = Release|Any CPU
		{F4947C4E-89CC-4241-8F2A-68C07EFC0789}.Release|Any CPU.Build.0 = Release|Any CPU
		{6435108B-5057-4075-8AA7-270E4FD617D6}.Debug|Any CPU.ActiveCfg = Debug
		{6435108B-5057-4075-8AA7-270E4FD617D6}.Release|Any CPU.ActiveCfg = Release
	EndGlobalSection
	GlobalSection(SolutionProperties) = preSolution
		HideSolutionNode = FALSE
	EndGlobalSection
	GlobalSection(ExtensibilityGlobals) = postSolution
		SolutionGuid = {21C731F0-C4AF-4FF1-972A-B9C469E142B2}
	EndGlobalSection
EndGlobal
